
Microsoft Visual Studio Solution File, Format Version 12.00
# Visual Studio Version 17
VisualStudioVersion = 17.14.37411.7 d17.14
MinimumVisualStudioVersion = 10.0.40219.1
Project("{FAE04EC0-301F-11D3-BF4B-00C04F79EFBC}") = "InventoryManager", "InventoryManager.csproj", "{E4A0B047-BB48-4A51-93E4-A27239396418}"
EndProject
Global
	GlobalSection(SolutionConfigurationPlatforms) = preSolution
		Debug|Any CPU = Debug|Any CPU
		Release|Any CPU = Release|Any CPU
	EndGlobalSection
	GlobalSection(ProjectConfigurationPlatforms) = postSolution
		{E4A0B047-BB48-4A51-93E4-A27239396418}.Debug|Any CPU.ActiveCfg = Debug|Any CPU
		{E4A0B047-BB48-4A51-93E4-A27239396418}.Debug|Any CPU.Build.0 = Debug|Any CPU
		{E4A0B047-BB48-4A51-93E4-A27239396418}.Release|Any CPU.ActiveCfg = Release|Any CPU
		{E4A0B047-BB48-4A51-93E4-A27239396418}.Release|Any CPU.Build.0 = Release|Any CPU
	EndGlobalSection
	GlobalSection(SolutionProperties) = preSolution
		HideSolutionNode = FALSE
	EndGlobalSection
	GlobalSection(ExtensibilityGlobals) = postSolution
		SolutionGuid = {DE36EF45-E891-4664-8F14-7B62E8BA00FC}
	EndGlobalSection
EndGlobal
